
Microsoft Visual Studio Solution File, Format Version 12.00
# Visual Studio Version 17
VisualStudioVersion = 17.4.33122.133
MinimumVisualStudioVersion = 10.0.40219.1
Project("{FAE04EC0-301F-11D3-BF4B-00C04F79EFBC}") = "EmployeePayrollProblemSQL", "EmployeePayrollProblemSQL\EmployeePayrollProblemSQL.csproj", "{1ED1FAE8-C40D-4067-B98A-1EFCE3532510}"
EndProject
Global
	GlobalSection(SolutionConfigurationPlatforms) = preSolution
		Debug|Any CPU = Debug|Any CPU
		Release|Any CPU = Release|Any CPU
	EndGlobalSection
	GlobalSection(ProjectConfigurationPlatforms) = postSolution
		{1ED1FAE8-C40D-4067-B98A-1EFCE3532510}.Debug|Any CPU.ActiveCfg = Debug|Any CPU
		{1ED1FAE8-C40D-4067-B98A-1EFCE3532510}.Debug|Any CPU.Build.0 = Debug|Any CPU
		{1ED1FAE8-C40D-4067-B98A-1EFCE3532510}.Release|Any CPU.ActiveCfg = Release|Any CPU
		{1ED1FAE8-C40D-4067-B98A-1EFCE3532510}.Release|Any CPU.Build.0 = Release|Any CPU
	EndGlobalSection
	GlobalSection(SolutionProperties) = preSolution
		HideSolutionNode = FALSE
	EndGlobalSection
	GlobalSection(ExtensibilityGlobals) = postSolution
		SolutionGuid = {18BCB696-0080-4A58-8D8F-551DFFD2C1C8}
	EndGlobalSection
EndGlobal
